
Microsoft Visual Studio Solution File, Format Version 12.00
# Visual Studio Version 17
VisualStudioVersion = 17.8.34525.116
MinimumVisualStudioVersion = 10.0.40219.1
Project("{FAE04EC0-301F-11D3-BF4B-00C04F79EFBC}") = "FlixZone.Web", "FlixZone.Web.csproj", "{5958010F-492D-4621-A7C3-68236EFDE4C5}"
EndProject
Project("{FAE04EC0-301F-11D3-BF4B-00C04F79EFBC}") = "FlixZone.BusinessLogic", "..\FlixZone.BusinessLogic\FlixZone.BusinessLogic.csproj", "{C94C6A2E-2A9A-47FE-920A-D72492D4E97F}"
EndProject
Project("{FAE04EC0-301F-11D3-BF4B-00C04F79EFBC}") = "FlixZone.Domain", "..\FlixZone.Domain\FlixZone.Domain.csproj", "{6C8287B3-90FB-4398-A46F-CE0361037617}"
EndProject
Project("{FAE04EC0-301F-11D3-BF4B-00C04F79EFBC}") = "FlixZone.Helpers", "..\FlixZone.Helpers\FlixZone.Helpers.csproj", "{FC336162-8499-4F0F-87FC-C63DE9CC2B97}"
EndProject
Global
	GlobalSection(SolutionConfigurationPlatforms) = preSolution
		Debug|Any CPU = Debug|Any CPU
		Release|Any CPU = Release|Any CPU
	EndGlobalSection
	GlobalSection(ProjectConfigurationPlatforms) = postSolution
		{5958010F-492D-4621-A7C3-68236EFDE4C5}.Debug|Any CPU.ActiveCfg = Debug|Any CPU
		{5958010F-492D-4621-A7C3-68236EFDE4C5}.Debug|Any CPU.Build.0 = Debug|Any CPU
		{5958010F-492D-4621-A7C3-68236EFDE4C5}.Release|Any CPU.ActiveCfg = Release|Any CPU
		{5958010F-492D-4621-A7C3-68236EFDE4C5}.Release|Any CPU.Build.0 = Release|Any CPU
		{C94C6A2E-2A9A-47FE-920A-D72492D4E97F}.Debug|Any CPU.ActiveCfg = Debug|Any CPU
		{C94C6A2E-2A9A-47FE-920A-D72492D4E97F}.Debug|Any CPU.Build.0 = Debug|Any CPU
		{C94C6A2E-2A9A-47FE-920A-D72492D4E97F}.Release|Any CPU.ActiveCfg = Release|Any CPU
		{C94C6A2E-2A9A-47FE-920A-D72492D4E97F}.Release|Any CPU.Build.0 = Release|Any CPU
		{6C8287B3-90FB-4398-A46F-CE0361037617}.Debug|Any CPU.ActiveCfg = Debug|Any CPU
		{6C8287B3-90FB-4398-A46F-CE0361037617}.Debug|Any CPU.Build.0 = Debug|Any CPU
		{6C8287B3-90FB-4398-A46F-CE0361037617}.Release|Any CPU.ActiveCfg = Release|Any CPU
		{6C8287B3-90FB-4398-A46F-CE0361037617}.Release|Any CPU.Build.0 = Release|Any CPU
		{FC336162-8499-4F0F-87FC-C63DE9CC2B97}.Debug|Any CPU.ActiveCfg = Debug|Any CPU
		{FC336162-8499-4F0F-87FC-C63DE9CC2B97}.Debug|Any CPU.Build.0 = Debug|Any CPU
		{FC336162-8499-4F0F-87FC-C63DE9CC2B97}.Release|Any CPU.ActiveCfg = Release|Any CPU
		{FC336162-8499-4F0F-87FC-C63DE9CC2B97}.Release|Any CPU.Build.0 = Release|Any CPU
	EndGlobalSection
	GlobalSection(SolutionProperties) = preSolution
		HideSolutionNode = FALSE
	EndGlobalSection
	GlobalSection(ExtensibilityGlobals) = postSolution
		SolutionGuid = {C41D0303-FA95-4561-986B-803BFD8992EF}
	EndGlobalSection
EndGlobal
